
Microsoft Visual Studio Solution File, Format Version 11.00
# Visual Studio 2010
Project("{FAE04EC0-301F-11D3-BF4B-00C04F79EFBC}") = "PostSharp.Toolkit.Diagnostics.Weaver", "Diagnostics\PostSharp.Toolkit.Diagnostics.Weaver\PostSharp.Toolkit.Diagnostics.Weaver.csproj", "{BD4BCA33-49D2-48AB-BC5A-E50A07C90576}"
EndProject
Project("{FAE04EC0-301F-11D3-BF4B-00C04F79EFBC}") = "PostSharp.Toolkit.Tests", "Tests\PostSharp.Toolkit.Tests\PostSharp.Toolkit.Tests.csproj", "{6A747DDC-F969-4BF7-8925-10A7E9CA3FFF}"
	ProjectSection(ProjectDependencies) = postProject
		{BD4BCA33-49D2-48AB-BC5A-E50A07C90576} = {BD4BCA33-49D2-48AB-BC5A-E50A07C90576}
		{1A587F50-8933-4F6B-9EE9-E68504210FA0} = {1A587F50-8933-4F6B-9EE9-E68504210FA0}
	EndProjectSection
EndProject
Project("{FAE04EC0-301F-11D3-BF4B-00C04F79EFBC}") = "PostSharp.Toolkit.Diagnostics", "Diagnostics\PostSharp.Toolkit.Diagnostics\PostSharp.Toolkit.Diagnostics.csproj", "{19C7E7BD-4C68-4796-97ED-24E6CEFD95B0}"
EndProject
Project("{FAE04EC0-301F-11D3-BF4B-00C04F79EFBC}") = "PostSharp.Toolkit.Diagnostics.Weaver.NLog", "Diagnostics\PostSharp.Toolkit.Diagnostics.Weaver.NLog\PostSharp.Toolkit.Diagnostics.Weaver.NLog.csproj", "{1A587F50-8933-4F6B-9EE9-E68504210FA0}"
EndProject
Project("{2150E333-8FDC-42A3-9474-1A3956D46DE8}") = "Tests", "Tests", "{E79F9017-525A-458D-868D-37990CD4668B}"
EndProject
Project("{FAE04EC0-301F-11D3-BF4B-00C04F79EFBC}") = "PostSharp.Toolkit.Tests.NLog", "Tests\PostSharp.Toolkit.Tests.NLog\PostSharp.Toolkit.Tests.NLog.csproj", "{86F4EB82-8730-413A-BF44-9E09E1107B62}"
EndProject
Project("{FAE04EC0-301F-11D3-BF4B-00C04F79EFBC}") = "TestAssembly", "Tests\TestAssembly\TestAssembly.csproj", "{315DB367-6AB0-4D92-8CD8-4269C1321CAE}"
EndProject
Project("{FAE04EC0-301F-11D3-BF4B-00C04F79EFBC}") = "PostSharp.Toolkit.Diagnostics.Weaver.Log4Net", "Diagnostics\PostSharp.Toolkit.Diagnostics.Weaver.Log4Net\PostSharp.Toolkit.Diagnostics.Weaver.Log4Net.csproj", "{6CB43E63-09FB-4317-90AF-536D16833942}"
EndProject
Project("{FAE04EC0-301F-11D3-BF4B-00C04F79EFBC}") = "PostSharp.Toolkit.Tests.Log4Net", "Tests\PostSharp.Toolkit.Tests.Log4Net\PostSharp.Toolkit.Tests.Log4Net.csproj", "{92CEEEE5-EA8D-4A79-B4C5-4F6C9788E3D5}"
	ProjectSection(ProjectDependencies) = postProject
		{6CB43E63-09FB-4317-90AF-536D16833942} = {6CB43E63-09FB-4317-90AF-536D16833942}
	EndProjectSection
EndProject
Global
	GlobalSection(SolutionConfigurationPlatforms) = preSolution
		Debug|Any CPU = Debug|Any CPU
		Release|Any CPU = Release|Any CPU
	EndGlobalSection
	GlobalSection(ProjectConfigurationPlatforms) = postSolution
		{BD4BCA33-49D2-48AB-BC5A-E50A07C90576}.Debug|Any CPU.ActiveCfg = Debug|Any CPU
		{BD4BCA33-49D2-48AB-BC5A-E50A07C90576}.Debug|Any CPU.Build.0 = Debug|Any CPU
		{BD4BCA33-49D2-48AB-BC5A-E50A07C90576}.Release|Any CPU.ActiveCfg = Release|Any CPU
		{BD4BCA33-49D2-48AB-BC5A-E50A07C90576}.Release|Any CPU.Build.0 = Release|Any CPU
		{6A747DDC-F969-4BF7-8925-10A7E9CA3FFF}.Debug|Any CPU.ActiveCfg = Debug|Any CPU
		{6A747DDC-F969-4BF7-8925-10A7E9CA3FFF}.Debug|Any CPU.Build.0 = Debug|Any CPU
		{6A747DDC-F969-4BF7-8925-10A7E9CA3FFF}.Release|Any CPU.ActiveCfg = Release|Any CPU
		{6A747DDC-F969-4BF7-8925-10A7E9CA3FFF}.Release|Any CPU.Build.0 = Release|Any CPU
		{19C7E7BD-4C68-4796-97ED-24E6CEFD95B0}.Debug|Any CPU.ActiveCfg = Debug|Any CPU
		{19C7E7BD-4C68-4796-97ED-24E6CEFD95B0}.Debug|Any CPU.Build.0 = Debug|Any CPU
		{19C7E7BD-4C68-4796-97ED-24E6CEFD95B0}.Release|Any CPU.ActiveCfg = Release|Any CPU
		{19C7E7BD-4C68-4796-97ED-24E6CEFD95B0}.Release|Any CPU.Build.0 = Release|Any CPU
		{1A587F50-8933-4F6B-9EE9-E68504210FA0}.Debug|Any CPU.ActiveCfg = Debug|Any CPU
		{1A587F50-8933-4F6B-9EE9-E68504210FA0}.Debug|Any CPU.Build.0 = Debug|Any CPU
		{1A587F50-8933-4F6B-9EE9-E68504210FA0}.Release|Any CPU.ActiveCfg = Release|Any CPU
		{1A587F50-8933-4F6B-9EE9-E68504210FA0}.Release|Any CPU.Build.0 = Release|Any CPU
		{86F4EB82-8730-413A-BF44-9E09E1107B62}.Debug|Any CPU.ActiveCfg = Debug|Any CPU
		{86F4EB82-8730-413A-BF44-9E09E1107B62}.Debug|Any CPU.Build.0 = Debug|Any CPU
		{86F4EB82-8730-413A-BF44-9E09E1107B62}.Release|Any CPU.ActiveCfg = Release|Any CPU
		{86F4EB82-8730-413A-BF44-9E09E1107B62}.Release|Any CPU.Build.0 = Release|Any CPU
		{315DB367-6AB0-4D92-8CD8-4269C1321CAE}.Debug|Any CPU.ActiveCfg = Debug|Any CPU
		{315DB367-6AB0-4D92-8CD8-4269C1321CAE}.Debug|Any CPU.Build.0 = Debug|Any CPU
		{315DB367-6AB0-4D92-8CD8-4269C1321CAE}.Release|Any CPU.ActiveCfg = Release|Any CPU
		{315DB367-6AB0-4D92-8CD8-4269C1321CAE}.Release|Any CPU.Build.0 = Release|Any CPU
		{6CB43E63-09FB-4317-90AF-536D16833942}.Debug|Any CPU.ActiveCfg = Debug|Any CPU
		{6CB43E63-09FB-4317-90AF-536D16833942}.Debug|Any CPU.Build.0 = Debug|Any CPU
		{6CB43E63-09FB-4317-90AF-536D16833942}.Release|Any CPU.ActiveCfg = Release|Any CPU
		{6CB43E63-09FB-4317-90AF-536D16833942}.Release|Any CPU.Build.0 = Release|Any CPU
		{92CEEEE5-EA8D-4A79-B4C5-4F6C9788E3D5}.Debug|Any CPU.ActiveCfg = Debug|Any CPU
		{92CEEEE5-EA8D-4A79-B4C5-4F6C9788E3D5}.Debug|Any CPU.Build.0 = Debug|Any CPU
		{92CEEEE5-EA8D-4A79-B4C5-4F6C9788E3D5}.Release|Any CPU.ActiveCfg = Release|Any CPU
		{92CEEEE5-EA8D-4A79-B4C5-4F6C9788E3D5}.Release|Any CPU.Build.0 = Release|Any CPU
	EndGlobalSection
	GlobalSection(SolutionProperties) = preSolution
		HideSolutionNode = FALSE
	EndGlobalSection
	GlobalSection(NestedProjects) = preSolution
		{6A747DDC-F969-4BF7-8925-10A7E9CA3FFF} = {E79F9017-525A-458D-868D-37990CD4668B}
		{86F4EB82-8730-413A-BF44-9E09E1107B62} = {E79F9017-525A-458D-868D-37990CD4668B}
		{315DB367-6AB0-4D92-8CD8-4269C1321CAE} = {E79F9017-525A-458D-868D-37990CD4668B}
		{92CEEEE5-EA8D-4A79-B4C5-4F6C9788E3D5} = {E79F9017-525A-458D-868D-37990CD4668B}
	EndGlobalSection
EndGlobal
